
Microsoft Visual Studio Solution File, Format Version 12.00
# Visual Studio Version 16
VisualStudioVersion = 16.0.31702.278
MinimumVisualStudioVersion = 10.0.40219.1
Project("{FAE04EC0-301F-11D3-BF4B-00C04F79EFBC}") = "CalculoConsumo", "CalculoConsumo\CalculoConsumo.csproj", "{3D880CC9-3AB8-4C97-8D53-FEEDAEFADBB4}"
EndProject
Global
	GlobalSection(SolutionConfigurationPlatforms) = preSolution
		Debug|Any CPU = Debug|Any CPU
		Release|Any CPU = Release|Any CPU
	EndGlobalSection
	GlobalSection(ProjectConfigurationPlatforms) = postSolution
		{3D880CC9-3AB8-4C97-8D53-FEEDAEFADBB4}.Debug|Any CPU.ActiveCfg = Debug|Any CPU
		{3D880CC9-3AB8-4C97-8D53-FEEDAEFADBB4}.Debug|Any CPU.Build.0 = Debug|Any CPU
		{3D880CC9-3AB8-4C97-8D53-FEEDAEFADBB4}.Release|Any CPU.ActiveCfg = Release|Any CPU
		{3D880CC9-3AB8-4C97-8D53-FEEDAEFADBB4}.Release|Any CPU.Build.0 = Release|Any CPU
	EndGlobalSection
	GlobalSection(SolutionProperties) = preSolution
		HideSolutionNode = FALSE
	EndGlobalSection
	GlobalSection(ExtensibilityGlobals) = postSolution
		SolutionGuid = {6D418EFB-BAAB-43F5-9FB6-C08243A8362A}
	EndGlobalSection
EndGlobal
